
Microsoft Visual Studio Solution File, Format Version 12.00
# Visual Studio 15
VisualStudioVersion = 15.0.26730.3
MinimumVisualStudioVersion = 10.0.40219.1
Project("{2150E333-8FDC-42A3-9474-1A3956D46DE8}") = "Solution Items", "Solution Items", "{F17571BB-66D4-4DB5-8EC0-33A76DD5B018}"
	ProjectSection(SolutionItems) = preProject
		SharedVersion.cs = SharedVersion.cs
	EndProjectSection
EndProject
Project("{FAE04EC0-301F-11D3-BF4B-00C04F79EFBC}") = "MediaBrowser.Plugins.Lastfm", "MediaBrowser.Plugins.Lastfm\MediaBrowser.Plugins.Lastfm.csproj", "{9D487969-76A8-4CC9-8D4C-FC65B4B3B21E}"
EndProject
Project("{FAE04EC0-301F-11D3-BF4B-00C04F79EFBC}") = "Lastfm-Scrobbler", "Lastfm-Scrobbler\Lastfm-Scrobbler.csproj", "{50494626-DEAC-40B9-AEE5-AD70A6C7DF46}"
EndProject
Global
	GlobalSection(SolutionProperties) = preSolution
		HideSolutionNode = FALSE
	EndGlobalSection
	GlobalSection(ExtensibilityGlobals) = postSolution
		SolutionGuid = {FF9BA2AD-B3EF-4AE1-9280-9EED3261A6FF}
	EndGlobalSection
	GlobalSection(SolutionConfigurationPlatforms) = preSolution
		Debug|Any CPU = Debug|Any CPU
		Release|Any CPU = Release|Any CPU
	EndGlobalSection
	GlobalSection(ProjectConfigurationPlatforms) = postSolution
		{9D487969-76A8-4CC9-8D4C-FC65B4B3B21E}.Debug|Any CPU.ActiveCfg = Debug|Any CPU
		{9D487969-76A8-4CC9-8D4C-FC65B4B3B21E}.Debug|Any CPU.Build.0 = Debug|Any CPU
		{9D487969-76A8-4CC9-8D4C-FC65B4B3B21E}.Release|Any CPU.ActiveCfg = Debug|Any CPU
		{9D487969-76A8-4CC9-8D4C-FC65B4B3B21E}.Release|Any CPU.Build.0 = Debug|Any CPU
		{50494626-DEAC-40B9-AEE5-AD70A6C7DF46}.Debug|Any CPU.ActiveCfg = Debug|Any CPU
		{50494626-DEAC-40B9-AEE5-AD70A6C7DF46}.Debug|Any CPU.Build.0 = Debug|Any CPU
		{50494626-DEAC-40B9-AEE5-AD70A6C7DF46}.Release|Any CPU.ActiveCfg = Release|Any CPU
		{50494626-DEAC-40B9-AEE5-AD70A6C7DF46}.Release|Any CPU.Build.0 = Release|Any CPU
	EndGlobalSection
EndGlobal
